<?xml version="1.0" encoding="utf-8"?>
<Project ToolsVersion="4.0" xmlns="http://schemas.microsoft.com/developer/msbuild/2003">
  <ItemGroup>
    <Filter Include="ソース ファイル">
      <UniqueIdentifier>{4FC737F1-C7A5-4376-A066-2A32D752A2FF}</UniqueIdentifier>
      <Extensions>cpp;c;cc;cxx;c++;cppm;ixx;def;odl;idl;hpj;bat;asm;asmx</Extensions>
    </Filter>
    <Filter Include="ヘッダー ファイル">
      <UniqueIdentifier>{93995380-89BD-4b04-88EB-625FBE52EBFB}</UniqueIdentifier>
      <Extensions>h;hh;hpp;hxx;h++;hm;inl;inc;ipp;xsd</Extensions>
    </Filter>
    <Filter Include="リソース ファイル">
      <UniqueIdentifier>{67DA6AB6-F800-4c08-8B7A-83BB121AAD01}</UniqueIdentifier>
      <Extensions>rc;ico;cur;bmp;dlg;rc2;rct;bin;rgs;gif;jpg;jpeg;jpe;resx;tiff;tif;png;wav;mfcribbon-ms</Extensions>
    </Filter>
    <Filter Include="ヘッダー ファイル\GPUParticleh">
      <UniqueIdentifier>{7a744793-1632-4ddb-a67e-cfa30e3d2e2a}</UniqueIdentifier>
    </Filter>
    <Filter Include="ソース ファイル\GPUParticleh">
      <UniqueIdentifier>{07fad695-4f36-47cd-92e2-4fa513daaa41}</UniqueIdentifier>
    </Filter>
    <Filter Include="ヘッダー ファイル\Sprite">
      <UniqueIdentifier>{b1788309-f346-43f1-862b-917208c85c0f}</UniqueIdentifier>
    </Filter>
    <Filter Include="ヘッダー ファイル\Mesh">
      <UniqueIdentifier>{1c2407f9-7aa3-402f-a544-1f9beada0e2d}</UniqueIdentifier>
    </Filter>
    <Filter Include="ヘッダー ファイル\Particle">
      <UniqueIdentifier>{52ebd00f-4b89-4de0-b9a6-f84b9e72ed4a}</UniqueIdentifier>
    </Filter>
    <Filter Include="ヘッダー ファイル\Model">
      <UniqueIdentifier>{b3103894-8821-48de-84e1-a6dc9def0da4}</UniqueIdentifier>
    </Filter>
    <Filter Include="ソース ファイル\Sprite">
      <UniqueIdentifier>{9e8028d8-8a1c-4c93-bcae-811527f2fab7}</UniqueIdentifier>
    </Filter>
    <Filter Include="ソース ファイル\Mesh">
      <UniqueIdentifier>{bc287f4d-9153-48bc-bd5b-7868ecf2c69a}</UniqueIdentifier>
    </Filter>
    <Filter Include="ソース ファイル\Model">
      <UniqueIdentifier>{a39f6830-7207-47a9-a55d-4e2478a719d5}</UniqueIdentifier>
    </Filter>
    <Filter Include="ソース ファイル\Particle">
      <UniqueIdentifier>{97d58a6d-718f-4167-9b2a-38e996974225}</UniqueIdentifier>
    </Filter>
  </ItemGroup>
  <ItemGroup>
    <ClInclude Include="Include\MaterialManager.h">
      <Filter>ヘッダー ファイル</Filter>
    </ClInclude>
    <ClInclude Include="Include\Utility\CreateBlend.h">
      <Filter>ヘッダー ファイル</Filter>
    </ClInclude>
    <ClInclude Include="Include\Graphic\PostEffect\DefaultPostEffect.h">
      <Filter>ヘッダー ファイル</Filter>
    </ClInclude>
    <ClInclude Include="Include\GPUParticle\Test.h">
      <Filter>ヘッダー ファイル</Filter>
    </ClInclude>
    <ClInclude Include="Include\GPUParticle\Fire.h">
      <Filter>ヘッダー ファイル\GPUParticleh</Filter>
    </ClInclude>
    <ClInclude Include="Include\GPUParticle\GPUParticleh.h">
      <Filter>ヘッダー ファイル\GPUParticleh</Filter>
    </ClInclude>
    <ClInclude Include="Include\GPUParticle\Laser.h">
      <Filter>ヘッダー ファイル\GPUParticleh</Filter>
    </ClInclude>
    <ClInclude Include="Include\GPUParticle\Basic.h">
      <Filter>ヘッダー ファイル\GPUParticleh</Filter>
    </ClInclude>
    <ClInclude Include="Include\GPUParticle\BloodGush.h">
      <Filter>ヘッダー ファイル\GPUParticleh</Filter>
    </ClInclude>
    <ClInclude Include="Include\GPUParticle\Mesh.h">
      <Filter>ヘッダー ファイル\GPUParticleh</Filter>
    </ClInclude>
    <ClInclude Include="Include\Graphic\Sprite2D\Sprite2DAdd.h">
      <Filter>ヘッダー ファイル\Sprite</Filter>
    </ClInclude>
    <ClInclude Include="Include\Graphic\Sprite2D\Sprite2DInvsrc.h">
      <Filter>ヘッダー ファイル\Sprite</Filter>
    </ClInclude>
    <ClInclude Include="Include\Graphic\Sprite2D\Sprite2DMula.h">
      <Filter>ヘッダー ファイル\Sprite</Filter>
    </ClInclude>
    <ClInclude Include="Include\GPUParticle\ShockWave.h">
      <Filter>ヘッダー ファイル\GPUParticleh</Filter>
    </ClInclude>
    <ClInclude Include="Include\Graphic\Sprite2D\Sprite2DNoblend.h">
      <Filter>ヘッダー ファイル\Sprite</Filter>
    </ClInclude>
    <ClInclude Include="Include\Graphic\Sprite2D\Sprite2DAlpha.h">
      <Filter>ヘッダー ファイル\Sprite</Filter>
    </ClInclude>
    <ClInclude Include="Include\Graphic\Sprite3D\Sprite3DAlpha.h">
      <Filter>ヘッダー ファイル\Sprite</Filter>
    </ClInclude>
    <ClInclude Include="Include\Graphic\Sprite3D\Sprite3DInvsrc.h">
      <Filter>ヘッダー ファイル\Sprite</Filter>
    </ClInclude>
    <ClInclude Include="Include\Graphic\Sprite3D\Sprite3DAdd.h">
      <Filter>ヘッダー ファイル\Sprite</Filter>
    </ClInclude>
    <ClInclude Include="Include\Graphic\Sprite3D\Sprite3DMula.h">
      <Filter>ヘッダー ファイル\Sprite</Filter>
    </ClInclude>
    <ClInclude Include="Include\Graphic\Sprite3D\Sprite3DNoblend.h">
      <Filter>ヘッダー ファイル\Sprite</Filter>
    </ClInclude>
    <ClInclude Include="Include\Graphic\Sprite2D\Sprite2DSub.h">
      <Filter>ヘッダー ファイル\Sprite</Filter>
    </ClInclude>
    <ClInclude Include="Include\Graphic\Sprite3D\Sprite3DSub.h">
      <Filter>ヘッダー ファイル\Sprite</Filter>
    </ClInclude>
    <ClInclude Include="Include\Graphic\Mesh\TriangleAlpha.h">
      <Filter>ヘッダー ファイル\Mesh</Filter>
    </ClInclude>
    <ClInclude Include="Include\Graphic\Mesh\TriangleNoblend.h">
      <Filter>ヘッダー ファイル\Mesh</Filter>
    </ClInclude>
    <ClInclude Include="Include\Graphic\Mesh\TriangleInvsrc.h">
      <Filter>ヘッダー ファイル\Mesh</Filter>
    </ClInclude>
    <ClInclude Include="Include\Graphic\Mesh\TriangleAdd.h">
      <Filter>ヘッダー ファイル\Mesh</Filter>
    </ClInclude>
    <ClInclude Include="Include\Graphic\Mesh\TriangleMula.h">
      <Filter>ヘッダー ファイル\Mesh</Filter>
    </ClInclude>
    <ClInclude Include="Include\Graphic\Mesh\TriangleSub.h">
      <Filter>ヘッダー ファイル\Mesh</Filter>
    </ClInclude>
    <ClInclude Include="Include\Graphic\Mesh\LineNoblend.h">
      <Filter>ヘッダー ファイル\Mesh</Filter>
    </ClInclude>
    <ClInclude Include="Include\Graphic\Mesh\LineInvsrc.h">
      <Filter>ヘッダー ファイル\Mesh</Filter>
    </ClInclude>
    <ClInclude Include="Include\Graphic\Mesh\LineSub.h">
      <Filter>ヘッダー ファイル\Mesh</Filter>
    </ClInclude>
    <ClInclude Include="Include\Graphic\Mesh\LineAlpha.h">
      <Filter>ヘッダー ファイル\Mesh</Filter>
    </ClInclude>
    <ClInclude Include="Include\Graphic\Mesh\LineMula.h">
      <Filter>ヘッダー ファイル\Mesh</Filter>
    </ClInclude>
    <ClInclude Include="Include\Graphic\Mesh\LineAdd.h">
      <Filter>ヘッダー ファイル\Mesh</Filter>
    </ClInclude>
    <ClInclude Include="Include\Graphic\Particle\DefaultParticle.h">
      <Filter>ヘッダー ファイル\Particle</Filter>
    </ClInclude>
    <ClInclude Include="Include\Graphic\Particle\IcosahedronParticle.h">
      <Filter>ヘッダー ファイル\Particle</Filter>
    </ClInclude>
    <ClInclude Include="Include\Graphic\Particle\RainParticle.h">
      <Filter>ヘッダー ファイル\Particle</Filter>
    </ClInclude>
    <ClInclude Include="Include\Graphic\Default\DefaultLambert.h">
      <Filter>ヘッダー ファイル\Model</Filter>
    </ClInclude>
    <ClInclude Include="Include\Graphic\Default\DefaultPhong.h">
      <Filter>ヘッダー ファイル\Model</Filter>
    </ClInclude>
    <ClInclude Include="Include\Graphic\Model\ToonModel.h">
      <Filter>ヘッダー ファイル\Model</Filter>
    </ClInclude>
    <ClInclude Include="Include\Graphic\Default\DefaultTexture.h">
      <Filter>ヘッダー ファイル\Model</Filter>
    </ClInclude>
    <ClInclude Include="Include\Graphic\Model\Fbx.h">
      <Filter>ヘッダー ファイル\Model</Filter>
    </ClInclude>
    <ClInclude Include="Include\Graphic\Sprite.h">
      <Filter>ヘッダー ファイル\Sprite</Filter>
    </ClInclude>
    <ClInclude Include="Include\GPUParticle\Model.h">
      <Filter>ヘッダー ファイル\GPUParticleh</Filter>
    </ClInclude>
  </ItemGroup>
  <ItemGroup>
    <ClCompile Include="Source\MaterialManager.cpp">
      <Filter>ソース ファイル</Filter>
    </ClCompile>
    <ClCompile Include="Source\Graphic\Default\DefaultTexture.cpp">
      <Filter>ソース ファイル</Filter>
    </ClCompile>
    <ClCompile Include="Source\Utility\CreateBlend.cpp">
      <Filter>ソース ファイル</Filter>
    </ClCompile>
    <ClCompile Include="Source\Graphic\PostEffect\DefaultPostEffect.cpp">
      <Filter>ソース ファイル</Filter>
    </ClCompile>
    <ClCompile Include="Source\GPUParticle\Test.cpp">
      <Filter>ソース ファイル</Filter>
    </ClCompile>
    <ClCompile Include="Source\Graphic\Sprite2D\Sprite2DAlpha.cpp">
      <Filter>ソース ファイル\Sprite</Filter>
    </ClCompile>
    <ClCompile Include="Source\Graphic\Sprite2D\Sprite2DAdd.cpp">
      <Filter>ソース ファイル\Sprite</Filter>
    </ClCompile>
    <ClCompile Include="Source\Graphic\Sprite2D\Sprite2DInvsrc.cpp">
      <Filter>ソース ファイル\Sprite</Filter>
    </ClCompile>
    <ClCompile Include="Source\Graphic\Sprite2D\Sprite2DMula.cpp">
      <Filter>ソース ファイル\Sprite</Filter>
    </ClCompile>
    <ClCompile Include="Source\Graphic\Sprite2D\Sprite2DNoblend.cpp">
      <Filter>ソース ファイル\Sprite</Filter>
    </ClCompile>
    <ClCompile Include="Source\Graphic\Sprite2D\Sprite2DSub.cpp">
      <Filter>ソース ファイル\Sprite</Filter>
    </ClCompile>
    <ClCompile Include="Source\Graphic\Sprite3D\Sprite3DAdd.cpp">
      <Filter>ソース ファイル\Sprite</Filter>
    </ClCompile>
    <ClCompile Include="Source\Graphic\Sprite3D\Sprite3DAlpha.cpp">
      <Filter>ソース ファイル\Sprite</Filter>
    </ClCompile>
    <ClCompile Include="Source\Graphic\Sprite3D\Sprite3DInvsrc.cpp">
      <Filter>ソース ファイル\Sprite</Filter>
    </ClCompile>
    <ClCompile Include="Source\Graphic\Sprite3D\Sprite3DMula.cpp">
      <Filter>ソース ファイル\Sprite</Filter>
    </ClCompile>
    <ClCompile Include="Source\Graphic\Sprite3D\Sprite3DNoblend.cpp">
      <Filter>ソース ファイル\Sprite</Filter>
    </ClCompile>
    <ClCompile Include="Source\Graphic\Sprite3D\Sprite3DSub.cpp">
      <Filter>ソース ファイル\Sprite</Filter>
    </ClCompile>
    <ClCompile Include="Source\Graphic\Mesh\LineAdd.cpp">
      <Filter>ソース ファイル\Mesh</Filter>
    </ClCompile>
    <ClCompile Include="Source\Graphic\Mesh\LineAlpha.cpp">
      <Filter>ソース ファイル\Mesh</Filter>
    </ClCompile>
    <ClCompile Include="Source\Graphic\Mesh\LineInvsrc.cpp">
      <Filter>ソース ファイル\Mesh</Filter>
    </ClCompile>
    <ClCompile Include="Source\Graphic\Mesh\LineMula.cpp">
      <Filter>ソース ファイル\Mesh</Filter>
    </ClCompile>
    <ClCompile Include="Source\Graphic\Mesh\LineNoblend.cpp">
      <Filter>ソース ファイル\Mesh</Filter>
    </ClCompile>
    <ClCompile Include="Source\Graphic\Mesh\LineSub.cpp">
      <Filter>ソース ファイル\Mesh</Filter>
    </ClCompile>
    <ClCompile Include="Source\Graphic\Mesh\TriangleAdd.cpp">
      <Filter>ソース ファイル\Mesh</Filter>
    </ClCompile>
    <ClCompile Include="Source\Graphic\Mesh\TriangleAlpha.cpp">
      <Filter>ソース ファイル\Mesh</Filter>
    </ClCompile>
    <ClCompile Include="Source\Graphic\Mesh\TriangleInvsrc.cpp">
      <Filter>ソース ファイル\Mesh</Filter>
    </ClCompile>
    <ClCompile Include="Source\Graphic\Mesh\TriangleMula.cpp">
      <Filter>ソース ファイル\Mesh</Filter>
    </ClCompile>
    <ClCompile Include="Source\Graphic\Mesh\TriangleNoblend.cpp">
      <Filter>ソース ファイル\Mesh</Filter>
    </ClCompile>
    <ClCompile Include="Source\GPUParticle\Fire.cpp">
      <Filter>ソース ファイル\GPUParticleh</Filter>
    </ClCompile>
    <ClCompile Include="Source\GPUParticle\BloodGush.cpp">
      <Filter>ソース ファイル\GPUParticleh</Filter>
    </ClCompile>
    <ClCompile Include="Source\GPUParticle\Basic.cpp">
      <Filter>ソース ファイル\GPUParticleh</Filter>
    </ClCompile>
    <ClCompile Include="Source\GPUParticle\Mesh.cpp">
      <Filter>ソース ファイル\GPUParticleh</Filter>
    </ClCompile>
    <ClCompile Include="Source\GPUParticle\Laser.cpp">
      <Filter>ソース ファイル\GPUParticleh</Filter>
    </ClCompile>
    <ClCompile Include="Source\GPUParticle\ShockWave.cpp">
      <Filter>ソース ファイル\GPUParticleh</Filter>
    </ClCompile>
    <ClCompile Include="Source\Graphic\Default\DefaultPhong.cpp">
      <Filter>ソース ファイル\Model</Filter>
    </ClCompile>
    <ClCompile Include="Source\Graphic\Default\DefaultLambert.cpp">
      <Filter>ソース ファイル\Model</Filter>
    </ClCompile>
    <ClCompile Include="Source\Graphic\Model\Fbx.cpp">
      <Filter>ソース ファイル\Model</Filter>
    </ClCompile>
    <ClCompile Include="Source\Graphic\Model\ToonModel.cpp">
      <Filter>ソース ファイル\Model</Filter>
    </ClCompile>
    <ClCompile Include="Source\Graphic\Particle\IcosahedronParticle.cpp">
      <Filter>ソース ファイル\Particle</Filter>
    </ClCompile>
    <ClCompile Include="Source\Graphic\Particle\DefaultParticle.cpp">
      <Filter>ソース ファイル\Particle</Filter>
    </ClCompile>
    <ClCompile Include="Source\Graphic\Particle\RainParticle.cpp">
      <Filter>ソース ファイル\Particle</Filter>
    </ClCompile>
    <ClCompile Include="Source\Graphic\Mesh\TriangleSub.cpp">
      <Filter>ソース ファイル\Mesh</Filter>
    </ClCompile>
    <ClCompile Include="Source\GPUParticle\Model.cpp">
      <Filter>ソース ファイル\GPUParticleh</Filter>
    </ClCompile>
  </ItemGroup>
</Project>