<?xml version="1.0" encoding="utf-8"?>
<Project ToolsVersion="4.0" xmlns="http://schemas.microsoft.com/developer/msbuild/2003">
  <ItemGroup>
    <Filter Include="ソース ファイル">
      <UniqueIdentifier>{4FC737F1-C7A5-4376-A066-2A32D752A2FF}</UniqueIdentifier>
      <Extensions>cpp;c;cc;cxx;c++;cppm;ixx;def;odl;idl;hpj;bat;asm;asmx</Extensions>
    </Filter>
    <Filter Include="ソース ファイル\2D">
      <UniqueIdentifier>{672696c3-44a5-4567-8012-5c9e822e6d8c}</UniqueIdentifier>
    </Filter>
    <Filter Include="ソース ファイル\2D\Sprite">
      <UniqueIdentifier>{90d70637-2ff7-4170-b02e-95ef5224e665}</UniqueIdentifier>
    </Filter>
    <Filter Include="ソース ファイル\2D\Particle">
      <UniqueIdentifier>{5e4fe5f4-e3b5-4283-903b-246d931620c5}</UniqueIdentifier>
    </Filter>
    <Filter Include="ソース ファイル\2D\PostEffect">
      <UniqueIdentifier>{ab02ee17-3b97-4eea-b11d-d29cc91cca98}</UniqueIdentifier>
    </Filter>
    <Filter Include="ソース ファイル\3D">
      <UniqueIdentifier>{d9031e2d-06e5-494b-af79-ca90cbff5a32}</UniqueIdentifier>
    </Filter>
    <Filter Include="ソース ファイル\3D\Model">
      <UniqueIdentifier>{18770c81-ac41-4d19-b50b-e66212aabc4c}</UniqueIdentifier>
    </Filter>
    <Filter Include="ソース ファイル\Camera">
      <UniqueIdentifier>{b784beb3-ec15-4ace-a6dd-91c611659c99}</UniqueIdentifier>
    </Filter>
    <Filter Include="ソース ファイル\Core">
      <UniqueIdentifier>{3a78b521-049e-4756-909f-c9fb87432009}</UniqueIdentifier>
    </Filter>
    <Filter Include="ソース ファイル\Core\DirectX">
      <UniqueIdentifier>{ece1eb6e-0f77-4364-b554-d2c8f7da3f2a}</UniqueIdentifier>
    </Filter>
    <Filter Include="ソース ファイル\Core\Framework">
      <UniqueIdentifier>{8b9d55a0-a011-4f03-ab3b-f510ea55d9c5}</UniqueIdentifier>
    </Filter>
    <Filter Include="ソース ファイル\Light">
      <UniqueIdentifier>{209fad85-2044-4779-95ee-258b1314a073}</UniqueIdentifier>
    </Filter>
    <Filter Include="ソース ファイル\Util">
      <UniqueIdentifier>{72ee2f8a-4c7b-4efa-b30c-b9543bd282b8}</UniqueIdentifier>
    </Filter>
    <Filter Include="ソース ファイル\Scene">
      <UniqueIdentifier>{3e05d7bb-88d6-435f-9366-06729f55dbeb}</UniqueIdentifier>
    </Filter>
    <Filter Include="ヘッダー ファイル">
      <UniqueIdentifier>{93995380-89BD-4b04-88EB-625FBE52EBFB}</UniqueIdentifier>
      <Extensions>h;hh;hpp;hxx;h++;hm;inl;inc;ipp;xsd</Extensions>
    </Filter>
    <Filter Include="ヘッダー ファイル\2D">
      <UniqueIdentifier>{fc85b294-cd8c-4349-9653-36f4de4c17a7}</UniqueIdentifier>
    </Filter>
    <Filter Include="ヘッダー ファイル\2D\Particle">
      <UniqueIdentifier>{539da8f0-39d8-40e5-871b-78f9b153d96b}</UniqueIdentifier>
    </Filter>
    <Filter Include="ヘッダー ファイル\2D\Sprite">
      <UniqueIdentifier>{d0ff1dd5-bb9d-4d5b-8e37-96a85f846d4e}</UniqueIdentifier>
    </Filter>
    <Filter Include="ヘッダー ファイル\2D\PostEffect">
      <UniqueIdentifier>{99e8a62d-826d-48b1-938b-86903c6411d9}</UniqueIdentifier>
    </Filter>
    <Filter Include="ヘッダー ファイル\3D">
      <UniqueIdentifier>{cd8271bf-a4a3-4345-9bd8-4f329e1c01d9}</UniqueIdentifier>
    </Filter>
    <Filter Include="ヘッダー ファイル\3D\Model">
      <UniqueIdentifier>{34f46ae7-d563-470d-ac40-0bbdf53492ba}</UniqueIdentifier>
    </Filter>
    <Filter Include="ヘッダー ファイル\Camera">
      <UniqueIdentifier>{191d4a36-453e-47f2-bbd9-301ea4d78c1e}</UniqueIdentifier>
    </Filter>
    <Filter Include="ヘッダー ファイル\Core">
      <UniqueIdentifier>{3317107d-3264-46db-9636-2fc085e0526c}</UniqueIdentifier>
    </Filter>
    <Filter Include="ヘッダー ファイル\Core\DirectX">
      <UniqueIdentifier>{a27bcbb8-d6e1-4cb6-9f22-4263858c3b90}</UniqueIdentifier>
    </Filter>
    <Filter Include="ヘッダー ファイル\Core\Framework">
      <UniqueIdentifier>{2896c3ee-894b-4fd0-ab16-73a638092e66}</UniqueIdentifier>
    </Filter>
    <Filter Include="ヘッダー ファイル\Light">
      <UniqueIdentifier>{b68b129b-cdd0-40e7-b83c-734eaed6d4e2}</UniqueIdentifier>
    </Filter>
    <Filter Include="ヘッダー ファイル\Util">
      <UniqueIdentifier>{f60025ab-bf0a-4ff7-82f9-ecb2bbc3c472}</UniqueIdentifier>
    </Filter>
    <Filter Include="ヘッダー ファイル\Scene">
      <UniqueIdentifier>{807c31c1-138b-440b-b5af-924619e3cfe3}</UniqueIdentifier>
    </Filter>
    <Filter Include="リソース ファイル">
      <UniqueIdentifier>{67DA6AB6-F800-4c08-8B7A-83BB121AAD01}</UniqueIdentifier>
      <Extensions>rc;ico;cur;bmp;dlg;rc2;rct;bin;rgs;gif;jpg;jpeg;jpe;resx;tiff;tif;png;wav;mfcribbon-ms</Extensions>
    </Filter>
    <Filter Include="リソース ファイル\シェーダー">
      <UniqueIdentifier>{e3569cff-a20d-4615-b201-bfe5ed8814fb}</UniqueIdentifier>
    </Filter>
    <Filter Include="リソース ファイル\シェーダー\2D">
      <UniqueIdentifier>{ed8d5515-805a-4e41-8abd-7d4ea6af2d00}</UniqueIdentifier>
    </Filter>
    <Filter Include="リソース ファイル\シェーダー\2D\PostEffect">
      <UniqueIdentifier>{d682e23a-8d3f-4123-a1f9-67a253d52f93}</UniqueIdentifier>
    </Filter>
    <Filter Include="リソース ファイル\シェーダー\2D\Particle">
      <UniqueIdentifier>{9cfb09d5-5397-4024-8a1c-8713836beaff}</UniqueIdentifier>
    </Filter>
    <Filter Include="リソース ファイル\シェーダー\3D">
      <UniqueIdentifier>{43878be6-2092-431b-89d9-95c433868fda}</UniqueIdentifier>
    </Filter>
    <Filter Include="リソース ファイル\シェーダー\3D\Model">
      <UniqueIdentifier>{b577e71c-c915-4e37-81e6-16d28bbeddbf}</UniqueIdentifier>
    </Filter>
    <Filter Include="リソース ファイル\シェーダー\2D\Mesh">
      <UniqueIdentifier>{cc3addfa-a80b-4c73-8e5a-03a2d123512c}</UniqueIdentifier>
    </Filter>
    <Filter Include="リソース ファイル\シェーダー\2D\Sprite">
      <UniqueIdentifier>{4766958c-3e99-466f-bb66-d0158ed23770}</UniqueIdentifier>
    </Filter>
    <Filter Include="リソース ファイル\シェーダー\2D\PostEffect\ChromaticAberration">
      <UniqueIdentifier>{20cf7f27-5706-4822-bfee-e4cf93c84f49}</UniqueIdentifier>
    </Filter>
    <Filter Include="リソース ファイル\シェーダー\2D\PostEffect\GaussianBlur">
      <UniqueIdentifier>{33376f2b-06b6-410c-8d7b-29549ca06572}</UniqueIdentifier>
    </Filter>
    <Filter Include="リソース ファイル\シェーダー\2D\PostEffect\Lut">
      <UniqueIdentifier>{9dbf6fba-2489-4389-9980-66e5c5e8e595}</UniqueIdentifier>
    </Filter>
    <Filter Include="リソース ファイル\シェーダー\2D\PostEffect\OilPainting">
      <UniqueIdentifier>{37153319-2921-474f-9104-8117cd3d2c67}</UniqueIdentifier>
    </Filter>
    <Filter Include="リソース ファイル\シェーダー\2D\PostEffect\PostEffectTest">
      <UniqueIdentifier>{c66a7d62-0eed-4b6f-92b2-39ec6c0382a7}</UniqueIdentifier>
    </Filter>
    <Filter Include="リソース ファイル\シェーダー\2D\PostEffect\Striped">
      <UniqueIdentifier>{8f06359a-cf25-4b1d-abc7-322de47d33b9}</UniqueIdentifier>
    </Filter>
    <Filter Include="リソース ファイル\シェーダー\2D\PostEffect\Vignette">
      <UniqueIdentifier>{a6de0675-9d7c-4f99-8a98-5d10b2444203}</UniqueIdentifier>
    </Filter>
    <Filter Include="リソース ファイル\シェーダー\3D\Model\Lambert">
      <UniqueIdentifier>{e1e7c7c1-e04f-461d-8b68-1cf5327fab64}</UniqueIdentifier>
    </Filter>
    <Filter Include="リソース ファイル\シェーダー\3D\Model\Phong">
      <UniqueIdentifier>{875e72f3-de4e-4b74-832c-cca41cd749f6}</UniqueIdentifier>
    </Filter>
    <Filter Include="リソース ファイル\シェーダー\3D\Model\ModelBasic">
      <UniqueIdentifier>{828e3ebd-7c46-4be7-b285-9243503f1ae6}</UniqueIdentifier>
    </Filter>
    <Filter Include="リソース ファイル\シェーダー\3D\Model\DefaultModel">
      <UniqueIdentifier>{02246949-0dbf-401b-9734-dd9df0793ffd}</UniqueIdentifier>
    </Filter>
    <Filter Include="リソース ファイル\シェーダー\3D\Model\ToonModel">
      <UniqueIdentifier>{06438353-fc08-41ca-aea5-c69a5d0320a8}</UniqueIdentifier>
    </Filter>
    <Filter Include="リソース ファイル\シェーダー\2D\PostEffect\Bloom">
      <UniqueIdentifier>{1d2c254d-7acc-423b-9813-ed059f1cd29a}</UniqueIdentifier>
    </Filter>
    <Filter Include="リソース ファイル\シェーダー\2D\PostEffect\SandStorm">
      <UniqueIdentifier>{5aec83dd-00b1-4615-9243-0ee1fbb97298}</UniqueIdentifier>
    </Filter>
    <Filter Include="リソース ファイル\シェーダー\2D\PostEffect\CRT">
      <UniqueIdentifier>{51779d61-4d6e-4620-85d7-21de44a62c2d}</UniqueIdentifier>
    </Filter>
    <Filter Include="リソース ファイル\シェーダー\2D\PostEffect\Monochrome">
      <UniqueIdentifier>{32b6c57a-a173-43dc-8c10-98ced57af2c7}</UniqueIdentifier>
    </Filter>
    <Filter Include="リソース ファイル\シェーダー\2D\PostEffect\FrostedGlass">
      <UniqueIdentifier>{d479241a-3760-48a3-9ada-ee7c1d4771d2}</UniqueIdentifier>
    </Filter>
    <Filter Include="リソース ファイル\シェーダー\2D\PostEffect\Mosaic">
      <UniqueIdentifier>{663c5e2b-5a97-4677-9c6c-70dc1cb14e6c}</UniqueIdentifier>
    </Filter>
    <Filter Include="リソース ファイル\シェーダー\2D\PostEffect\Distortion">
      <UniqueIdentifier>{f30a9772-705c-4511-b006-499ce98b2923}</UniqueIdentifier>
    </Filter>
    <Filter Include="ソース ファイル\Transition">
      <UniqueIdentifier>{215fb3a8-c021-48ed-af09-a2e5e9395863}</UniqueIdentifier>
    </Filter>
    <Filter Include="ヘッダー ファイル\Transition">
      <UniqueIdentifier>{98f2a96a-5cd0-4672-8e48-a82f7d812bed}</UniqueIdentifier>
    </Filter>
  </ItemGroup>
  <ItemGroup>
    <ClInclude Include="Include\Core\TextureManager.h">
      <Filter>ヘッダー ファイル\Core</Filter>
    </ClInclude>
    <ClInclude Include="Include\Util\AliceUtility.h">
      <Filter>ヘッダー ファイル\Util</Filter>
    </ClInclude>
    <ClInclude Include="Include\2D\Sprite\Sprite2D.h">
      <Filter>ヘッダー ファイル\2D\Sprite</Filter>
    </ClInclude>
    <ClInclude Include="Include\2D\Sprite\Sprite3D.h">
      <Filter>ヘッダー ファイル\2D\Sprite</Filter>
    </ClInclude>
    <ClInclude Include="Include\2D\Sprite\Sprite.h">
      <Filter>ヘッダー ファイル\2D\Sprite</Filter>
    </ClInclude>
    <ClInclude Include="Include\Util\Transform.h">
      <Filter>ヘッダー ファイル\3D</Filter>
    </ClInclude>
    <ClInclude Include="Include\Camera\Camera.h">
      <Filter>ヘッダー ファイル\Camera</Filter>
    </ClInclude>
    <ClInclude Include="Include\2D\Particle\Particle.h">
      <Filter>ヘッダー ファイル\2D\Particle</Filter>
    </ClInclude>
    <ClInclude Include="Include\2D\Mesh.h">
      <Filter>ヘッダー ファイル\2D</Filter>
    </ClInclude>
    <ClInclude Include="Include\Light\Light.h">
      <Filter>ヘッダー ファイル\Light</Filter>
    </ClInclude>
    <ClInclude Include="Include\Util\ModelMesh.h">
      <Filter>ヘッダー ファイル\3D\Model</Filter>
    </ClInclude>
    <ClInclude Include="Include\2D\Particle\RainParticle.h">
      <Filter>ヘッダー ファイル\2D\Particle</Filter>
    </ClInclude>
    <ClInclude Include="Include\2D\Particle\ParticleEmitter.h">
      <Filter>ヘッダー ファイル\2D\Particle</Filter>
    </ClInclude>
    <ClInclude Include="Include\3D\3DMesh.h">
      <Filter>ヘッダー ファイル\3D</Filter>
    </ClInclude>
    <ClInclude Include="Include\Camera\CinemaCamera.h">
      <Filter>ヘッダー ファイル\Camera</Filter>
    </ClInclude>
    <ClInclude Include="Include\2D\PostEffect\PostEffectManager.h">
      <Filter>ヘッダー ファイル\2D\PostEffect</Filter>
    </ClInclude>
    <ClInclude Include="Include\Core\ImGuiManager.h">
      <Filter>ヘッダー ファイル\Core</Filter>
    </ClInclude>
    <ClInclude Include="Include\2D\PostEffect\AbstractPostEffectFactory.h">
      <Filter>ヘッダー ファイル\2D\PostEffect</Filter>
    </ClInclude>
    <ClInclude Include="Include\2D\PostEffect\BasePostEffect.h">
      <Filter>ヘッダー ファイル\2D\PostEffect</Filter>
    </ClInclude>
    <ClInclude Include="Include\2D\PostEffect\LutPostEffect.h">
      <Filter>ヘッダー ファイル\2D\PostEffect</Filter>
    </ClInclude>
    <ClInclude Include="Include\2D\PostEffect\VignettePostEffect.h">
      <Filter>ヘッダー ファイル\2D\PostEffect</Filter>
    </ClInclude>
    <ClInclude Include="Include\Scene\AbstractSceneFactory.h">
      <Filter>ヘッダー ファイル\Scene</Filter>
    </ClInclude>
    <ClInclude Include="Include\Scene\SceneManager.h">
      <Filter>ヘッダー ファイル\Scene</Filter>
    </ClInclude>
    <ClInclude Include="Include\Scene\BaseScene.h">
      <Filter>ヘッダー ファイル\Scene</Filter>
    </ClInclude>
    <ClInclude Include="Include\Core\Framework\AliceFramework.h">
      <Filter>ヘッダー ファイル\Core\Framework</Filter>
    </ClInclude>
    <ClInclude Include="Include\2D\PostEffect\GaussianBlurPostEffect.h">
      <Filter>ヘッダー ファイル\2D\PostEffect</Filter>
    </ClInclude>
    <ClInclude Include="Include\Core\DirectX\RenderTarget.h">
      <Filter>ヘッダー ファイル\Core\DirectX</Filter>
    </ClInclude>
    <ClInclude Include="Include\2D\PostEffect\PostEffectSprite.h">
      <Filter>ヘッダー ファイル\2D\PostEffect</Filter>
    </ClInclude>
    <ClInclude Include="Include\2D\PostEffect\GaussianYBlurPostEffect.h">
      <Filter>ヘッダー ファイル\2D\PostEffect</Filter>
    </ClInclude>
    <ClInclude Include="Include\2D\PostEffect\GaussianXBlurPostEffect.h">
      <Filter>ヘッダー ファイル\2D\PostEffect</Filter>
    </ClInclude>
    <ClInclude Include="Include\3D\Model\AliceMotionData.h">
      <Filter>ヘッダー ファイル\3D\Model</Filter>
    </ClInclude>
    <ClInclude Include="Include\3D\Model\AliceModel.h">
      <Filter>ヘッダー ファイル\3D\Model</Filter>
    </ClInclude>
    <ClInclude Include="Include\3D\Model\AliceFileStream.h">
      <Filter>ヘッダー ファイル\3D\Model</Filter>
    </ClInclude>
    <ClInclude Include="Include\2D\Particle\BasicParticle.h">
      <Filter>ヘッダー ファイル\2D\Particle</Filter>
    </ClInclude>
    <ClInclude Include="Include\2D\PostEffect\PostEffectFactory.h">
      <Filter>ヘッダー ファイル\2D\PostEffect</Filter>
    </ClInclude>
    <ClInclude Include="Include\Core\DirectX\DirectX12Core.h">
      <Filter>ヘッダー ファイル\Core\DirectX</Filter>
    </ClInclude>
    <ClInclude Include="Include\Util\GameObject.h">
      <Filter>ヘッダー ファイル\Util</Filter>
    </ClInclude>
    <ClInclude Include="Include\Util\Transform2D.h">
      <Filter>ヘッダー ファイル\Util</Filter>
    </ClInclude>
    <ClInclude Include="Include\Util\Game2DObject.h">
      <Filter>ヘッダー ファイル\Util</Filter>
    </ClInclude>
    <ClInclude Include="Include\Util\BaseTransform.h">
      <Filter>ヘッダー ファイル\Util</Filter>
    </ClInclude>
    <ClInclude Include="Include\2D\Particle\IcosahedronParticle.h">
      <Filter>ヘッダー ファイル\2D\Particle</Filter>
    </ClInclude>
    <ClInclude Include="Include\2D\PostEffect\StripedPostEffect.h">
      <Filter>ヘッダー ファイル\2D\PostEffect</Filter>
    </ClInclude>
    <ClInclude Include="Include\3D\Model\AliceToonModel.h">
      <Filter>ヘッダー ファイル\3D\Model</Filter>
    </ClInclude>
    <ClInclude Include="Include\2D\PostEffect\ChromaticAberrationPostEffect.h">
      <Filter>ヘッダー ファイル\2D\PostEffect</Filter>
    </ClInclude>
    <ClInclude Include="Include\2D\PostEffect\OilPaintingPostEffect.h">
      <Filter>ヘッダー ファイル\2D\PostEffect</Filter>
    </ClInclude>
    <ClInclude Include="Include\Core\SceneLoader.h">
      <Filter>ヘッダー ファイル\Scene</Filter>
    </ClInclude>
    <ClInclude Include="Include\2D\Particle\ParticleData.h">
      <Filter>ヘッダー ファイル\2D\Particle</Filter>
    </ClInclude>
    <ClInclude Include="Include\2D\PostEffect\BloomPostEffect.h">
      <Filter>ヘッダー ファイル\2D\PostEffect</Filter>
    </ClInclude>
    <ClInclude Include="Include\2D\PostEffect\SandStormPostEffect.h">
      <Filter>ヘッダー ファイル\2D\PostEffect</Filter>
    </ClInclude>
    <ClInclude Include="Include\2D\PostEffect\MonochromePostEffect.h">
      <Filter>ヘッダー ファイル\2D\PostEffect</Filter>
    </ClInclude>
    <ClInclude Include="Include\2D\PostEffect\CRTPostEffect.h">
      <Filter>ヘッダー ファイル\2D\PostEffect</Filter>
    </ClInclude>
    <ClInclude Include="Include\2D\PostEffect\MosaicPostEffect.h">
      <Filter>ヘッダー ファイル\2D\PostEffect</Filter>
    </ClInclude>
    <ClInclude Include="Include\2D\PostEffect\DistortionPostEffect.h">
      <Filter>ヘッダー ファイル\2D\PostEffect</Filter>
    </ClInclude>
    <ClInclude Include="Include\2D\PostEffect\FrostedGlassPostEffect.h">
      <Filter>ヘッダー ファイル\2D\PostEffect</Filter>
    </ClInclude>
    <ClInclude Include="Include\2D\Particle\FireWorkParticle.h">
      <Filter>ヘッダー ファイル\2D\Particle</Filter>
    </ClInclude>
    <ClInclude Include="Include\3D\Model\AliceBlendTree.h">
      <Filter>ヘッダー ファイル\3D</Filter>
    </ClInclude>
    <ClInclude Include="Include\Transition\ITransition.h">
      <Filter>ヘッダー ファイル\Transition</Filter>
    </ClInclude>
    <ClInclude Include="Include\Transition\FadeOutTransition.h">
      <Filter>ヘッダー ファイル\Transition</Filter>
    </ClInclude>
    <ClInclude Include="Include\Transition\FadeInTransition.h">
      <Filter>ヘッダー ファイル\Transition</Filter>
    </ClInclude>
    <ClInclude Include="Include\2D\Particle\BasicGPUParticle.h">
      <Filter>ヘッダー ファイル\2D\Particle</Filter>
    </ClInclude>
    <ClInclude Include="Include\2D\Particle\BaseGPUParticle.h">
      <Filter>ヘッダー ファイル\2D\Particle</Filter>
    </ClInclude>
  </ItemGroup>
  <ItemGroup>
    <None Include="cpp.hint" />
    <None Include="..\..\Resources\Shaders\2D\Mesh\Mesh.hlsli">
      <Filter>リソース ファイル\シェーダー\2D\Mesh</Filter>
    </None>
    <None Include="..\..\Resources\Shaders\2D\Sprite\Sprite.hlsli">
      <Filter>リソース ファイル\シェーダー\2D\Sprite</Filter>
    </None>
    <None Include="..\..\Resources\Shaders\2D\Particle\Particle.hlsli">
      <Filter>リソース ファイル\シェーダー\2D\Particle</Filter>
    </None>
    <None Include="..\..\Resources\Shaders\2D\Particle\RainParticle.hlsli">
      <Filter>リソース ファイル\シェーダー\2D\Particle</Filter>
    </None>
    <None Include="..\..\Resources\Shaders\2D\PostEffect\ChromaticAberration\ChromaticAberration.hlsli">
      <Filter>リソース ファイル\シェーダー\2D\PostEffect\ChromaticAberration</Filter>
    </None>
    <None Include="..\..\Resources\Shaders\2D\PostEffect\GaussianBlur\GaussianBlur.hlsli">
      <Filter>リソース ファイル\シェーダー\2D\PostEffect\GaussianBlur</Filter>
    </None>
    <None Include="..\..\Resources\Shaders\2D\PostEffect\Lut\LutShader.hlsli">
      <Filter>リソース ファイル\シェーダー\2D\PostEffect\Lut</Filter>
    </None>
    <None Include="..\..\Resources\Shaders\2D\PostEffect\OilPainting\OilPainting.hlsli">
      <Filter>リソース ファイル\シェーダー\2D\PostEffect\OilPainting</Filter>
    </None>
    <None Include="..\..\Resources\Shaders\2D\PostEffect\PostEffectTest\PostEffectTest.hlsli">
      <Filter>リソース ファイル\シェーダー\2D\PostEffect\PostEffectTest</Filter>
    </None>
    <None Include="..\..\Resources\Shaders\2D\PostEffect\Striped\Striped.hlsli">
      <Filter>リソース ファイル\シェーダー\2D\PostEffect\Striped</Filter>
    </None>
    <None Include="..\..\Resources\Shaders\2D\PostEffect\Vignette\VignetteShader.hlsli">
      <Filter>リソース ファイル\シェーダー\2D\PostEffect\Vignette</Filter>
    </None>
    <None Include="..\..\Resources\Shaders\3D\Model\Lambert\Lambert.hlsli">
      <Filter>リソース ファイル\シェーダー\3D\Model\Lambert</Filter>
    </None>
    <None Include="..\..\Resources\Shaders\3D\Model\Phong\Phong.hlsli">
      <Filter>リソース ファイル\シェーダー\3D\Model\Phong</Filter>
    </None>
    <None Include="..\..\Resources\Shaders\3D\Model\ModelBasic\ModelBasic.hlsli">
      <Filter>リソース ファイル\シェーダー\3D\Model\ModelBasic</Filter>
    </None>
    <None Include="..\..\Resources\Shaders\3D\Model\DefaultModel\Model.hlsli">
      <Filter>リソース ファイル\シェーダー\3D\Model\DefaultModel</Filter>
    </None>
    <None Include="..\..\Resources\Shaders\3D\Model\HlslFunc.hlsli">
      <Filter>リソース ファイル\シェーダー\3D\Model</Filter>
    </None>
    <None Include="..\..\Resources\Shaders\3D\Model\ToonModel\ToonModel.hlsli">
      <Filter>リソース ファイル\シェーダー\3D\Model\ToonModel</Filter>
    </None>
    <None Include="..\..\Resources\Shaders\3D\Model\ToonModel\ToonModelOutLine.hlsli">
      <Filter>リソース ファイル\シェーダー\3D\Model\ToonModel</Filter>
    </None>
    <None Include="..\..\Resources\Shaders\3D\Model\ToonModel\ZeldaToonModel.hlsli">
      <Filter>リソース ファイル\シェーダー\3D\Model\ToonModel</Filter>
    </None>
    <None Include="..\..\Resources\Shaders\2D\PostEffect\Bloom\Bloom.hlsli">
      <Filter>リソース ファイル\シェーダー\2D\PostEffect\Bloom</Filter>
    </None>
    <None Include="..\..\Resources\Shaders\2D\PostEffect\Bloom\BloomDraw.hlsli">
      <Filter>リソース ファイル\シェーダー\2D\PostEffect\Bloom</Filter>
    </None>
    <None Include="..\..\Resources\Shaders\2D\PostEffect\SandStorm\SandStorm.hlsli">
      <Filter>リソース ファイル\シェーダー\2D\PostEffect\SandStorm</Filter>
    </None>
    <None Include="..\..\Resources\Shaders\2D\PostEffect\CRT\CRT.hlsli">
      <Filter>リソース ファイル\シェーダー\2D\PostEffect\CRT</Filter>
    </None>
    <None Include="..\..\Resources\Shaders\2D\PostEffect\Monochrome\Monochrome.hlsli">
      <Filter>リソース ファイル\シェーダー\2D\PostEffect\Monochrome</Filter>
    </None>
    <None Include="..\..\Resources\Shaders\2D\PostEffect\FrostedGlass\FrostedGlass.hlsli">
      <Filter>リソース ファイル\シェーダー\2D\PostEffect\FrostedGlass</Filter>
    </None>
    <None Include="..\..\Resources\Shaders\2D\PostEffect\Mosaic\Mosaic.hlsli">
      <Filter>リソース ファイル\シェーダー\2D\PostEffect\Mosaic</Filter>
    </None>
    <None Include="..\..\Resources\Shaders\2D\PostEffect\Striped\StripedDraw.hlsli">
      <Filter>リソース ファイル\シェーダー\2D\PostEffect\Striped</Filter>
    </None>
    <None Include="..\..\Resources\Shaders\2D\PostEffect\Distortion\Distortion.hlsli">
      <Filter>リソース ファイル\シェーダー\2D\PostEffect\Distortion</Filter>
    </None>
    <None Include="..\..\Resources\Shaders\2D\PostEffect\Bloom\BloomDrawPS.hlsl">
      <Filter>リソース ファイル\シェーダー\2D\PostEffect\Bloom</Filter>
    </None>
    <None Include="..\..\Resources\Shaders\2D\PostEffect\Bloom\BloomDrawVS.hlsl">
      <Filter>リソース ファイル\シェーダー\2D\PostEffect\Bloom</Filter>
    </None>
    <None Include="..\..\Resources\Shaders\2D\PostEffect\Bloom\BloomPS.hlsl">
      <Filter>リソース ファイル\シェーダー\2D\PostEffect\Bloom</Filter>
    </None>
    <None Include="..\..\Resources\Shaders\2D\PostEffect\Bloom\BloomVS.hlsl">
      <Filter>リソース ファイル\シェーダー\2D\PostEffect\Bloom</Filter>
    </None>
    <None Include="..\..\Resources\Shaders\2D\PostEffect\ChromaticAberration\ChromaticAberrationPS.hlsl">
      <Filter>リソース ファイル\シェーダー\2D\PostEffect\ChromaticAberration</Filter>
    </None>
    <None Include="..\..\Resources\Shaders\2D\PostEffect\ChromaticAberration\ChromaticAberrationVS.hlsl">
      <Filter>リソース ファイル\シェーダー\2D\PostEffect\ChromaticAberration</Filter>
    </None>
    <None Include="..\..\Resources\Shaders\2D\PostEffect\CRT\CRTPS.hlsl">
      <Filter>リソース ファイル\シェーダー\2D\PostEffect\CRT</Filter>
    </None>
    <None Include="..\..\Resources\Shaders\2D\PostEffect\CRT\CRTVS.hlsl">
      <Filter>リソース ファイル\シェーダー\2D\PostEffect\CRT</Filter>
    </None>
    <None Include="..\..\Resources\Shaders\2D\PostEffect\Distortion\DistortionPS.hlsl">
      <Filter>リソース ファイル\シェーダー\2D\PostEffect\Distortion</Filter>
    </None>
    <None Include="..\..\Resources\Shaders\2D\PostEffect\Distortion\DistortionVS.hlsl">
      <Filter>リソース ファイル\シェーダー\2D\PostEffect\Distortion</Filter>
    </None>
    <None Include="..\..\Resources\Shaders\2D\PostEffect\FrostedGlass\FrostedGlassVS.hlsl">
      <Filter>リソース ファイル\シェーダー\2D\PostEffect\FrostedGlass</Filter>
    </None>
    <None Include="..\..\Resources\Shaders\2D\PostEffect\FrostedGlass\FrostedGlassPS.hlsl">
      <Filter>リソース ファイル\シェーダー\2D\PostEffect\FrostedGlass</Filter>
    </None>
    <None Include="..\..\Resources\Shaders\2D\PostEffect\Monochrome\MonochromePS.hlsl">
      <Filter>リソース ファイル\シェーダー\2D\PostEffect\Monochrome</Filter>
    </None>
    <None Include="..\..\Resources\Shaders\2D\PostEffect\Monochrome\MonochromeVS.hlsl">
      <Filter>リソース ファイル\シェーダー\2D\PostEffect\Monochrome</Filter>
    </None>
    <None Include="..\..\Resources\Shaders\2D\PostEffect\Mosaic\MosaicPS.hlsl">
      <Filter>リソース ファイル\シェーダー\2D\PostEffect\Mosaic</Filter>
    </None>
    <None Include="..\..\Resources\Shaders\2D\PostEffect\Mosaic\MosaicVS.hlsl">
      <Filter>リソース ファイル\シェーダー\2D\PostEffect\Mosaic</Filter>
    </None>
    <None Include="..\..\Resources\Shaders\2D\PostEffect\OilPainting\OilPaintingPS.hlsl">
      <Filter>リソース ファイル\シェーダー\2D\PostEffect\OilPainting</Filter>
    </None>
    <None Include="..\..\Resources\Shaders\2D\PostEffect\OilPainting\OilPaintingVS.hlsl">
      <Filter>リソース ファイル\シェーダー\2D\PostEffect\OilPainting</Filter>
    </None>
    <None Include="..\..\Resources\Shaders\2D\PostEffect\PostEffectTest\PostEffectTestPS.hlsl">
      <Filter>リソース ファイル\シェーダー\2D\PostEffect\PostEffectTest</Filter>
    </None>
    <None Include="..\..\Resources\Shaders\2D\PostEffect\PostEffectTest\PostEffectTestVS.hlsl">
      <Filter>リソース ファイル\シェーダー\2D\PostEffect\PostEffectTest</Filter>
    </None>
    <None Include="..\..\Resources\Shaders\2D\PostEffect\SandStorm\SandStormPS.hlsl">
      <Filter>リソース ファイル\シェーダー\2D\PostEffect\SandStorm</Filter>
    </None>
    <None Include="..\..\Resources\Shaders\2D\PostEffect\SandStorm\SandStormVS.hlsl">
      <Filter>リソース ファイル\シェーダー\2D\PostEffect\SandStorm</Filter>
    </None>
    <None Include="..\..\Resources\Shaders\2D\PostEffect\Striped\StripedDrawPS.hlsl">
      <Filter>リソース ファイル\シェーダー\2D\PostEffect\Striped</Filter>
    </None>
    <None Include="..\..\Resources\Shaders\2D\PostEffect\Striped\StripedDrawVS.hlsl">
      <Filter>リソース ファイル\シェーダー\2D\PostEffect\Striped</Filter>
    </None>
    <None Include="..\..\Resources\Shaders\2D\PostEffect\Striped\StripedPS.hlsl">
      <Filter>リソース ファイル\シェーダー\2D\PostEffect\Striped</Filter>
    </None>
    <None Include="..\..\Resources\Shaders\2D\PostEffect\Striped\StripedVS.hlsl">
      <Filter>リソース ファイル\シェーダー\2D\PostEffect\Striped</Filter>
    </None>
    <None Include="..\..\Resources\Shaders\2D\PostEffect\Vignette\VignetteShaderPS.hlsl">
      <Filter>リソース ファイル\シェーダー\2D\PostEffect\Vignette</Filter>
    </None>
    <None Include="..\..\Resources\Shaders\2D\PostEffect\Vignette\VignetteShaderVS.hlsl">
      <Filter>リソース ファイル\シェーダー\2D\PostEffect\Vignette</Filter>
    </None>
    <None Include="..\..\Resources\Shaders\2D\Sprite\SpritePS.hlsl">
      <Filter>リソース ファイル\シェーダー\2D\Sprite</Filter>
    </None>
    <None Include="..\..\Resources\Shaders\2D\Sprite\SpriteVS.hlsl">
      <Filter>リソース ファイル\シェーダー\2D\Sprite</Filter>
    </None>
    <None Include="..\..\Resources\Shaders\3D\Model\DefaultModel\ModelAnimationVS.hlsl">
      <Filter>リソース ファイル\シェーダー\3D\Model\DefaultModel</Filter>
    </None>
    <None Include="..\..\Resources\Shaders\3D\Model\DefaultModel\ModelPS.hlsl">
      <Filter>リソース ファイル\シェーダー\3D\Model\DefaultModel</Filter>
    </None>
    <None Include="..\..\Resources\Shaders\3D\Model\DefaultModel\ModelVS.hlsl">
      <Filter>リソース ファイル\シェーダー\3D\Model\DefaultModel</Filter>
    </None>
    <None Include="..\..\Resources\Shaders\3D\Model\Lambert\LambertPS.hlsl">
      <Filter>リソース ファイル\シェーダー\3D\Model\Lambert</Filter>
    </None>
    <None Include="..\..\Resources\Shaders\3D\Model\Lambert\LambertVS.hlsl">
      <Filter>リソース ファイル\シェーダー\3D\Model\Lambert</Filter>
    </None>
    <None Include="..\..\Resources\Shaders\3D\Model\ModelBasic\ModelBasicPS.hlsl">
      <Filter>リソース ファイル\シェーダー\3D\Model\ModelBasic</Filter>
    </None>
    <None Include="..\..\Resources\Shaders\3D\Model\ModelBasic\ModelBasicVS.hlsl">
      <Filter>リソース ファイル\シェーダー\3D\Model\ModelBasic</Filter>
    </None>
    <None Include="..\..\Resources\Shaders\3D\Model\ModelBasic\PolygonEffectGS.hlsl">
      <Filter>リソース ファイル\シェーダー\3D\Model\ModelBasic</Filter>
    </None>
    <None Include="..\..\Resources\Shaders\3D\Model\Phong\PhongPS.hlsl">
      <Filter>リソース ファイル\シェーダー\3D\Model\Phong</Filter>
    </None>
    <None Include="..\..\Resources\Shaders\3D\Model\Phong\PhongVS.hlsl">
      <Filter>リソース ファイル\シェーダー\3D\Model\Phong</Filter>
    </None>
    <None Include="..\..\Resources\Shaders\3D\Model\ToonModel\ToonModelAnimationOutLineVS.hlsl">
      <Filter>リソース ファイル\シェーダー\3D\Model\ToonModel</Filter>
    </None>
    <None Include="..\..\Resources\Shaders\3D\Model\ToonModel\ToonModelAnimationVS.hlsl">
      <Filter>リソース ファイル\シェーダー\3D\Model\ToonModel</Filter>
    </None>
    <None Include="..\..\Resources\Shaders\3D\Model\ToonModel\ToonModelOutLinePS.hlsl">
      <Filter>リソース ファイル\シェーダー\3D\Model\ToonModel</Filter>
    </None>
    <None Include="..\..\Resources\Shaders\3D\Model\ToonModel\ToonModelOutLineVS.hlsl">
      <Filter>リソース ファイル\シェーダー\3D\Model\ToonModel</Filter>
    </None>
    <None Include="..\..\Resources\Shaders\3D\Model\ToonModel\ToonModelPS.hlsl">
      <Filter>リソース ファイル\シェーダー\3D\Model\ToonModel</Filter>
    </None>
    <None Include="..\..\Resources\Shaders\3D\Model\ToonModel\ToonModelVS.hlsl">
      <Filter>リソース ファイル\シェーダー\3D\Model\ToonModel</Filter>
    </None>
    <None Include="..\..\Resources\Shaders\3D\Model\ToonModel\ZeldaToonModelAnimationVS.hlsl">
      <Filter>リソース ファイル\シェーダー\3D\Model\ToonModel</Filter>
    </None>
    <None Include="..\..\Resources\Shaders\3D\Model\ToonModel\ZeldaToonModelPS.hlsl">
      <Filter>リソース ファイル\シェーダー\3D\Model\ToonModel</Filter>
    </None>
    <None Include="..\..\Resources\Shaders\3D\Model\ToonModel\ZeldaToonModelVS.hlsl">
      <Filter>リソース ファイル\シェーダー\3D\Model\ToonModel</Filter>
    </None>
    <None Include="..\..\Resources\Shaders\3D\Model\BlendShapeCS.hlsl">
      <Filter>リソース ファイル\シェーダー\3D\Model</Filter>
    </None>
    <None Include="..\..\Resources\Shaders\3D\Model\GpuSkinningCS.hlsl">
      <Filter>リソース ファイル\シェーダー\3D\Model</Filter>
    </None>
    <None Include="..\..\Resources\Shaders\2D\Mesh\MeshPS.hlsl">
      <Filter>リソース ファイル\シェーダー\2D\Mesh</Filter>
    </None>
    <None Include="..\..\Resources\Shaders\2D\Mesh\MeshVS.hlsl">
      <Filter>リソース ファイル\シェーダー\2D\Mesh</Filter>
    </None>
    <None Include="..\..\Resources\Shaders\2D\Particle\IcosahedronGS.hlsl">
      <Filter>リソース ファイル\シェーダー\2D\Particle</Filter>
    </None>
    <None Include="..\..\Resources\Shaders\2D\Particle\ParticleGS.hlsl">
      <Filter>リソース ファイル\シェーダー\2D\Particle</Filter>
    </None>
    <None Include="..\..\Resources\Shaders\2D\Particle\ParticlePS.hlsl">
      <Filter>リソース ファイル\シェーダー\2D\Particle</Filter>
    </None>
    <None Include="..\..\Resources\Shaders\2D\Particle\ParticleVS.hlsl">
      <Filter>リソース ファイル\シェーダー\2D\Particle</Filter>
    </None>
    <None Include="..\..\Resources\Shaders\2D\Particle\RainParticleGS.hlsl">
      <Filter>リソース ファイル\シェーダー\2D\Particle</Filter>
    </None>
    <None Include="..\..\Resources\Shaders\2D\Particle\RainParticlePS.hlsl">
      <Filter>リソース ファイル\シェーダー\2D\Particle</Filter>
    </None>
    <None Include="..\..\Resources\Shaders\2D\Particle\RainParticleVS.hlsl">
      <Filter>リソース ファイル\シェーダー\2D\Particle</Filter>
    </None>
    <None Include="..\..\Resources\Shaders\2D\PostEffect\Lut\LutShaderPS.hlsl">
      <Filter>リソース ファイル\シェーダー\2D\PostEffect\Lut</Filter>
    </None>
    <None Include="..\..\Resources\Shaders\2D\PostEffect\Lut\LutShaderVS.hlsl">
      <Filter>リソース ファイル\シェーダー\2D\PostEffect\Lut</Filter>
    </None>
    <None Include="..\..\Resources\Shaders\2D\PostEffect\GaussianBlur\GaussianBlurPS.hlsl">
      <Filter>リソース ファイル\シェーダー\2D\PostEffect\GaussianBlur</Filter>
    </None>
    <None Include="..\..\Resources\Shaders\2D\PostEffect\GaussianBlur\GaussianXBlurVS.hlsl">
      <Filter>リソース ファイル\シェーダー\2D\PostEffect\GaussianBlur</Filter>
    </None>
    <None Include="..\..\Resources\Shaders\2D\PostEffect\GaussianBlur\GaussianYBlurVS.hlsl">
      <Filter>リソース ファイル\シェーダー\2D\PostEffect\GaussianBlur</Filter>
    </None>
    <None Include="..\..\Resources\Shaders\AliceParticle\Basic\BasicGPUParticleEmitCS.hlsl">
      <Filter>リソース ファイル\シェーダー\2D\Particle</Filter>
    </None>
    <None Include="..\..\Resources\Shaders\AliceParticle\Basic\BasicGPUParticle.hlsli" />
    <None Include="..\..\Resources\Shaders\HLSLMath.hlsli" />
    <None Include="..\..\Resources\Shaders\AliceParticle\Basic\BasicGPUParticleVS.hlsl" />
    <None Include="..\..\Resources\Shaders\AliceParticle\Basic\BasicGPUParticleUpdateCS.hlsl" />
    <None Include="..\..\Resources\Shaders\AliceParticle\Basic\BasicGPUParticlePS.hlsl" />
    <None Include="..\..\Resources\Shaders\AliceParticle\Basic\BasicGPUParticleGS.hlsl" />
    <None Include="..\..\Resources\Shaders\AliceParticle\Basic\BasicGPUParticleDrawArgumentUpdateCS.hlsl" />
  </ItemGroup>
  <ItemGroup>
    <ClCompile Include="Source\Core\TextureManager.cpp">
      <Filter>ソース ファイル\Core</Filter>
    </ClCompile>
    <ClCompile Include="Source\2D\Sprite\Sprite3D.cpp">
      <Filter>ソース ファイル\2D\Sprite</Filter>
    </ClCompile>
    <ClCompile Include="Source\2D\Sprite\Sprite2D.cpp">
      <Filter>ソース ファイル\2D\Sprite</Filter>
    </ClCompile>
    <ClCompile Include="Source\2D\Sprite\Sprite.cpp">
      <Filter>ソース ファイル\2D\Sprite</Filter>
    </ClCompile>
    <ClCompile Include="Source\Camera\Camera.cpp">
      <Filter>ソース ファイル\Camera</Filter>
    </ClCompile>
    <ClCompile Include="Source\Util\Transform.cpp">
      <Filter>ソース ファイル\3D</Filter>
    </ClCompile>
    <ClCompile Include="Source\Light\Light.cpp">
      <Filter>ソース ファイル\Light</Filter>
    </ClCompile>
    <ClCompile Include="Source\2D\Mesh.cpp">
      <Filter>ソース ファイル\2D</Filter>
    </ClCompile>
    <ClCompile Include="Source\3D\Model\ModelMesh.cpp">
      <Filter>ソース ファイル\3D\Model</Filter>
    </ClCompile>
    <ClCompile Include="Source\3D\3DMesh.cpp">
      <Filter>ソース ファイル\3D</Filter>
    </ClCompile>
    <ClCompile Include="Source\2D\Particle\Particle.cpp">
      <Filter>ソース ファイル\2D\Particle</Filter>
    </ClCompile>
    <ClCompile Include="Source\2D\Particle\RainParticle.cpp">
      <Filter>ソース ファイル\2D\Particle</Filter>
    </ClCompile>
    <ClCompile Include="Source\2D\Particle\ParticleEmitter.cpp">
      <Filter>ソース ファイル\2D\Particle</Filter>
    </ClCompile>
    <ClCompile Include="Source\Util\AliceUtility.cpp">
      <Filter>ソース ファイル\Util</Filter>
    </ClCompile>
    <ClCompile Include="Source\2D\PostEffect\PostEffectManager.cpp">
      <Filter>ソース ファイル\2D\PostEffect</Filter>
    </ClCompile>
    <ClCompile Include="Source\Camera\CinemaCamera.cpp">
      <Filter>ソース ファイル\Camera</Filter>
    </ClCompile>
    <ClCompile Include="Source\Core\ImGuiManager.cpp">
      <Filter>ソース ファイル\Core</Filter>
    </ClCompile>
    <ClCompile Include="Source\Core\Framework\AliceFramework.cpp">
      <Filter>ソース ファイル\Core\Framework</Filter>
    </ClCompile>
    <ClCompile Include="Source\2D\PostEffect\VignettePostEffect.cpp">
      <Filter>ソース ファイル\2D\PostEffect</Filter>
    </ClCompile>
    <ClCompile Include="Source\2D\PostEffect\LutPostEffect.cpp">
      <Filter>ソース ファイル\2D\PostEffect</Filter>
    </ClCompile>
    <ClCompile Include="Source\2D\PostEffect\BasePostEffect.cpp">
      <Filter>ソース ファイル\2D\PostEffect</Filter>
    </ClCompile>
    <ClCompile Include="Source\Scene\SceneManager.cpp">
      <Filter>ソース ファイル\Scene</Filter>
    </ClCompile>
    <ClCompile Include="Source\Scene\BaseScene.cpp">
      <Filter>ソース ファイル\Scene</Filter>
    </ClCompile>
    <ClCompile Include="Source\2D\PostEffect\GaussianBlurPostEffect.cpp">
      <Filter>ソース ファイル\2D\PostEffect</Filter>
    </ClCompile>
    <ClCompile Include="Source\Core\DirectX\RenderTarget.cpp">
      <Filter>ソース ファイル\Core\DirectX</Filter>
    </ClCompile>
    <ClCompile Include="Source\2D\PostEffect\PostEffectSprite.cpp">
      <Filter>ソース ファイル\2D\PostEffect</Filter>
    </ClCompile>
    <ClCompile Include="Source\2D\PostEffect\GaussianYBlurPostEffect.cpp">
      <Filter>ソース ファイル\2D\PostEffect</Filter>
    </ClCompile>
    <ClCompile Include="Source\2D\PostEffect\GaussianXBlurPostEffect.cpp">
      <Filter>ソース ファイル\2D\PostEffect</Filter>
    </ClCompile>
    <ClCompile Include="Source\3D\Model\AliceModel.cpp">
      <Filter>ソース ファイル\3D\Model</Filter>
    </ClCompile>
    <ClCompile Include="Source\3D\Model\AliceFileStream.cpp">
      <Filter>ソース ファイル\3D\Model</Filter>
    </ClCompile>
    <ClCompile Include="Source\3D\Model\AliceMotionData.cpp">
      <Filter>ソース ファイル\3D\Model</Filter>
    </ClCompile>
    <ClCompile Include="Source\2D\Particle\BasicParticle.cpp">
      <Filter>ソース ファイル\2D\Particle</Filter>
    </ClCompile>
    <ClCompile Include="Source\2D\PostEffect\PostEffectFactory.cpp">
      <Filter>ソース ファイル\2D\PostEffect</Filter>
    </ClCompile>
    <ClCompile Include="Source\Core\DirectX\DirectX12Core.cpp">
      <Filter>ソース ファイル\Core\DirectX</Filter>
    </ClCompile>
    <ClCompile Include="Source\Util\GameObject.cpp">
      <Filter>ソース ファイル\Util</Filter>
    </ClCompile>
    <ClCompile Include="Source\Util\Game2DObject.cpp">
      <Filter>ソース ファイル\Util</Filter>
    </ClCompile>
    <ClCompile Include="Source\Util\BaseTransform.cpp">
      <Filter>ソース ファイル\Util</Filter>
    </ClCompile>
    <ClCompile Include="Source\Util\Transform2D.cpp">
      <Filter>ソース ファイル\Util</Filter>
    </ClCompile>
    <ClCompile Include="Source\2D\Particle\IcosahedronParticle.cpp">
      <Filter>ソース ファイル\2D\Particle</Filter>
    </ClCompile>
    <ClCompile Include="Source\2D\PostEffect\StripedPostEffect.cpp">
      <Filter>ソース ファイル\2D\PostEffect</Filter>
    </ClCompile>
    <ClCompile Include="Source\3D\Model\AliceToonModel.cpp">
      <Filter>ソース ファイル\3D\Model</Filter>
    </ClCompile>
    <ClCompile Include="Source\2D\PostEffect\ChromaticAberrationPostEffect.cpp">
      <Filter>ソース ファイル\2D\PostEffect</Filter>
    </ClCompile>
    <ClCompile Include="Source\2D\PostEffect\OilPaintingPostEffect.cpp">
      <Filter>ソース ファイル\2D\PostEffect</Filter>
    </ClCompile>
    <ClCompile Include="Source\Core\SceneLoader.cpp">
      <Filter>ソース ファイル\Scene</Filter>
    </ClCompile>
    <ClCompile Include="Source\2D\PostEffect\BloomPostEffect.cpp">
      <Filter>ソース ファイル\2D\PostEffect</Filter>
    </ClCompile>
    <ClCompile Include="Source\2D\PostEffect\SandStormPostEffect.cpp">
      <Filter>ソース ファイル\2D\PostEffect</Filter>
    </ClCompile>
    <ClCompile Include="Source\2D\PostEffect\MonochromePostEffect.cpp">
      <Filter>ソース ファイル\2D\PostEffect</Filter>
    </ClCompile>
    <ClCompile Include="Source\2D\PostEffect\CRTPostEffect.cpp">
      <Filter>ソース ファイル\2D\PostEffect</Filter>
    </ClCompile>
    <ClCompile Include="Source\2D\Particle\FireWorkParticle.cpp">
      <Filter>ソース ファイル\2D\Particle</Filter>
    </ClCompile>
    <ClCompile Include="Source\2D\PostEffect\MosaicPostEffect.cpp">
      <Filter>ソース ファイル\2D\PostEffect</Filter>
    </ClCompile>
    <ClCompile Include="Source\2D\PostEffect\DistortionPostEffect.cpp">
      <Filter>ソース ファイル\2D\PostEffect</Filter>
    </ClCompile>
    <ClCompile Include="Source\2D\PostEffect\FrostedGlassPostEffect.cpp">
      <Filter>ソース ファイル\2D\PostEffect</Filter>
    </ClCompile>
    <ClCompile Include="Source\Transition\FadeOutTransition.cpp">
      <Filter>ソース ファイル\Transition</Filter>
    </ClCompile>
    <ClCompile Include="Source\Transition\FadeInTransition.cpp">
      <Filter>ソース ファイル\Transition</Filter>
    </ClCompile>
    <ClCompile Include="Source\Transition\ITransition.cpp">
      <Filter>ソース ファイル\Transition</Filter>
    </ClCompile>
    <ClCompile Include="Source\3D\Model\AliceBlendTree.cpp">
      <Filter>ソース ファイル\3D</Filter>
    </ClCompile>
    <ClCompile Include="Source\2D\Particle\BasicGPUParticle.cpp">
      <Filter>ソース ファイル\2D\Particle</Filter>
    </ClCompile>
    <ClCompile Include="Source\2D\Particle\BaseGPUParticle.cpp">
      <Filter>ソース ファイル\2D\Particle</Filter>
    </ClCompile>
  </ItemGroup>
</Project>