<?xml version="1.0" encoding="utf-8"?>
<Project ToolsVersion="4.0" xmlns="http://schemas.microsoft.com/developer/msbuild/2003">
  <ItemGroup>
    <Filter Include="ソース ファイル">
      <UniqueIdentifier>{4FC737F1-C7A5-4376-A066-2A32D752A2FF}</UniqueIdentifier>
      <Extensions>cpp;c;cc;cxx;c++;cppm;ixx;def;odl;idl;hpj;bat;asm;asmx</Extensions>
    </Filter>
    <Filter Include="ヘッダー ファイル">
      <UniqueIdentifier>{93995380-89BD-4b04-88EB-625FBE52EBFB}</UniqueIdentifier>
      <Extensions>h;hh;hpp;hxx;h++;hm;inl;inc;ipp;xsd</Extensions>
    </Filter>
    <Filter Include="リソース ファイル">
      <UniqueIdentifier>{67DA6AB6-F800-4c08-8B7A-83BB121AAD01}</UniqueIdentifier>
      <Extensions>rc;ico;cur;bmp;dlg;rc2;rct;bin;rgs;gif;jpg;jpeg;jpe;resx;tiff;tif;png;wav;mfcribbon-ms</Extensions>
    </Filter>
    <Filter Include="ソース ファイル\Utility">
      <UniqueIdentifier>{3d08be7d-c8c3-4b30-9e58-77a60bda5039}</UniqueIdentifier>
    </Filter>
    <Filter Include="ソース ファイル\Others">
      <UniqueIdentifier>{5ff8eddc-0734-4cab-9c08-86da91067408}</UniqueIdentifier>
    </Filter>
    <Filter Include="ヘッダー ファイル\Utility">
      <UniqueIdentifier>{c7952ebf-c996-463e-824b-839d8c5675ce}</UniqueIdentifier>
    </Filter>
    <Filter Include="ヘッダー ファイル\Others">
      <UniqueIdentifier>{2430a61e-206c-4be0-b39b-34ac68c88399}</UniqueIdentifier>
    </Filter>
    <Filter Include="ヘッダー ファイル\Enum">
      <UniqueIdentifier>{cf983d58-8cdb-4cf3-8ae3-3c2eac4d173d}</UniqueIdentifier>
    </Filter>
  </ItemGroup>
  <ItemGroup>
    <ClInclude Include="Include\Utility\StringUtility.h">
      <Filter>ヘッダー ファイル\Utility</Filter>
    </ClInclude>
    <ClInclude Include="Include\Utility\FileUtility.h">
      <Filter>ヘッダー ファイル\Utility</Filter>
    </ClInclude>
    <ClInclude Include="Include\Others\AliceAssert.h">
      <Filter>ヘッダー ファイル\Others</Filter>
    </ClInclude>
    <ClInclude Include="Include\Others\Bit.h">
      <Filter>ヘッダー ファイル\Others</Filter>
    </ClInclude>
    <ClInclude Include="Include\Others\Defined.h">
      <Filter>ヘッダー ファイル\Others</Filter>
    </ClInclude>
    <ClInclude Include="Include\Others\Color.h">
      <Filter>ヘッダー ファイル\Others</Filter>
    </ClInclude>
    <ClInclude Include="Include\Others\PadingType.h">
      <Filter>ヘッダー ファイル\Others</Filter>
    </ClInclude>
    <ClInclude Include="Include\Enum\BlendMode.h">
      <Filter>ヘッダー ファイル\Enum</Filter>
    </ClInclude>
    <ClInclude Include="Include\Enum\AdaptersIndex.h">
      <Filter>ヘッダー ファイル</Filter>
    </ClInclude>
  </ItemGroup>
  <ItemGroup>
    <ClCompile Include="Source\Utility\FileUtility.cpp">
      <Filter>ソース ファイル\Utility</Filter>
    </ClCompile>
    <ClCompile Include="Source\Utility\StringUtility.cpp">
      <Filter>ソース ファイル\Utility</Filter>
    </ClCompile>
    <ClCompile Include="Source\Others\Bit.cpp">
      <Filter>ソース ファイル\Others</Filter>
    </ClCompile>
    <ClCompile Include="Source\Others\AliceAssert.cpp">
      <Filter>ソース ファイル\Others</Filter>
    </ClCompile>
    <ClCompile Include="Source\Others\Defined.cpp">
      <Filter>ソース ファイル\Others</Filter>
    </ClCompile>
    <ClCompile Include="Source\Others\Color.cpp">
      <Filter>ソース ファイル\Others</Filter>
    </ClCompile>
  </ItemGroup>
</Project>