<?xml version="1.0" encoding="utf-8"?>
<Project ToolsVersion="4.0" xmlns="http://schemas.microsoft.com/developer/msbuild/2003">
  <ItemGroup>
    <Filter Include="ソース ファイル">
      <UniqueIdentifier>{4FC737F1-C7A5-4376-A066-2A32D752A2FF}</UniqueIdentifier>
      <Extensions>cpp;c;cc;cxx;c++;cppm;ixx;def;odl;idl;hpj;bat;asm;asmx</Extensions>
    </Filter>
    <Filter Include="ヘッダー ファイル">
      <UniqueIdentifier>{93995380-89BD-4b04-88EB-625FBE52EBFB}</UniqueIdentifier>
      <Extensions>h;hh;hpp;hxx;h++;hm;inl;inc;ipp;xsd</Extensions>
    </Filter>
    <Filter Include="リソース ファイル">
      <UniqueIdentifier>{67DA6AB6-F800-4c08-8B7A-83BB121AAD01}</UniqueIdentifier>
      <Extensions>rc;ico;cur;bmp;dlg;rc2;rct;bin;rgs;gif;jpg;jpeg;jpe;resx;tiff;tif;png;wav;mfcribbon-ms</Extensions>
    </Filter>
    <Filter Include="ソース ファイル\Controller">
      <UniqueIdentifier>{a19304d2-5057-49c0-8f19-50debfaada4e}</UniqueIdentifier>
    </Filter>
    <Filter Include="ソース ファイル\Keyboard">
      <UniqueIdentifier>{cf0694ed-8ca8-4f5c-81f4-1a5b4ea47b16}</UniqueIdentifier>
    </Filter>
    <Filter Include="ソース ファイル\Mouse">
      <UniqueIdentifier>{b0daefe1-71d1-4d34-86e3-c10384808ae2}</UniqueIdentifier>
    </Filter>
    <Filter Include="ヘッダー ファイル\Controller">
      <UniqueIdentifier>{c6fc456c-f260-4be1-acc6-ce6e6709609d}</UniqueIdentifier>
    </Filter>
    <Filter Include="ヘッダー ファイル\Keyboard">
      <UniqueIdentifier>{adc0eae8-0e96-409d-90c5-bc18a519e65e}</UniqueIdentifier>
    </Filter>
    <Filter Include="ヘッダー ファイル\Mouse">
      <UniqueIdentifier>{d4c7397f-8dcd-441f-9771-20565c852e6f}</UniqueIdentifier>
    </Filter>
  </ItemGroup>
  <ItemGroup>
    <ClInclude Include="Include\Input.h">
      <Filter>ヘッダー ファイル</Filter>
    </ClInclude>
    <ClInclude Include="Include\Controller\ControllerButtons.h">
      <Filter>ヘッダー ファイル\Controller</Filter>
    </ClInclude>
    <ClInclude Include="Include\Controller\Controller.h">
      <Filter>ヘッダー ファイル\Controller</Filter>
    </ClInclude>
    <ClInclude Include="Include\Keyboard\Keyboard.h">
      <Filter>ヘッダー ファイル\Keyboard</Filter>
    </ClInclude>
    <ClInclude Include="Include\Keyboard\Keys.h">
      <Filter>ヘッダー ファイル\Keyboard</Filter>
    </ClInclude>
    <ClInclude Include="Include\Mouse\MouseButton.h">
      <Filter>ヘッダー ファイル\Mouse</Filter>
    </ClInclude>
    <ClInclude Include="Include\Mouse\Mouse.h">
      <Filter>ヘッダー ファイル\Mouse</Filter>
    </ClInclude>
  </ItemGroup>
  <ItemGroup>
    <ClCompile Include="Source\Controller\Controller.cpp">
      <Filter>ソース ファイル\Controller</Filter>
    </ClCompile>
    <ClCompile Include="Source\Keyboard\Keyboard.cpp">
      <Filter>ソース ファイル\Keyboard</Filter>
    </ClCompile>
    <ClCompile Include="Source\Mouse\Mouse.cpp">
      <Filter>ソース ファイル\Mouse</Filter>
    </ClCompile>
    <ClCompile Include="Source\Input.cpp">
      <Filter>ソース ファイル</Filter>
    </ClCompile>
  </ItemGroup>
</Project>